
Microsoft Visual Studio Solution File, Format Version 12.00
# Visual Studio 15
VisualStudioVersion = 15.0.28307.645
MinimumVisualStudioVersion = 10.0.40219.1
Project("{FAE04EC0-301F-11D3-BF4B-00C04F79EFBC}") = "WebAPI", "WebAPI\WebAPI.csproj", "{0A0354B1-DC44-4C7A-AE81-32064EF1C1B5}"
EndProject
Global
	GlobalSection(SolutionConfigurationPlatforms) = preSolution
		Debug|Any CPU = Debug|Any CPU
		Release|Any CPU = Release|Any CPU
	EndGlobalSection
	GlobalSection(ProjectConfigurationPlatforms) = postSolution
		{0A0354B1-DC44-4C7A-AE81-32064EF1C1B5}.Debug|Any CPU.ActiveCfg = Debug|Any CPU
		{0A0354B1-DC44-4C7A-AE81-32064EF1C1B5}.Debug|Any CPU.Build.0 = Debug|Any CPU
		{0A0354B1-DC44-4C7A-AE81-32064EF1C1B5}.Release|Any CPU.ActiveCfg = Release|Any CPU
		{0A0354B1-DC44-4C7A-AE81-32064EF1C1B5}.Release|Any CPU.Build.0 = Release|Any CPU
	EndGlobalSection
	GlobalSection(SolutionProperties) = preSolution
		HideSolutionNode = FALSE
	EndGlobalSection
	GlobalSection(ExtensibilityGlobals) = postSolution
		SolutionGuid = {F7816150-90F2-4475-A171-5A647E440163}
	EndGlobalSection
EndGlobal
